<?xml version="1.0" encoding="utf-8"?>
<Project ToolsVersion="4.0" xmlns="http://schemas.microsoft.com/developer/msbuild/2003">
  <ItemGroup>
    <ClCompile Include="common.cpp" />
    <ClCompile Include="OpenCVApplication.cpp" />
    <ClCompile Include="stdafx.cpp" />
    <ClCompile Include="Shader.cpp" />
    <ClCompile Include="stb_image.cpp" />
  </ItemGroup>
  <ItemGroup>
    <ClInclude Include="common.h" />
    <ClInclude Include="stdafx.h" />
    <ClInclude Include="targetver.h" />
    <ClInclude Include="Shader.hpp" />
    <ClInclude Include="stb_image.h" />
  </ItemGroup>
  <ItemGroup>
    <Filter Include="Shaders">
      <UniqueIdentifier>{f25c2575-b0e7-4ed8-b3e6-94a1722cc375}</UniqueIdentifier>
    </Filter>
  </ItemGroup>
  <ItemGroup>
    <None Include="shaders\shader.frag">
      <Filter>Shaders</Filter>
    </None>
    <None Include="shaders\shader.vert">
      <Filter>Shaders</Filter>
    </None>
    <None Include="shaders\shaderTexture.frag">
      <Filter>Shaders</Filter>
    </None>
    <None Include="shaders\shaderTexture.vert">
      <Filter>Shaders</Filter>
    </None>
  </ItemGroup>
</Project>